
Microsoft Visual Studio Solution File, Format Version 12.00
# Visual Studio Version 16
VisualStudioVersion = 16.0.30413.136
MinimumVisualStudioVersion = 10.0.40219.1
Project("{888888A0-9F3D-457C-B088-3A5042F75D52}") = "funktsionid", "funktsionid.pyproj", "{E384D412-6D48-4022-9571-1D7D655DD7CA}"
EndProject
Global
	GlobalSection(SolutionConfigurationPlatforms) = preSolution
		Debug|Any CPU = Debug|Any CPU
		Release|Any CPU = Release|Any CPU
	EndGlobalSection
	GlobalSection(ProjectConfigurationPlatforms) = postSolution
		{E384D412-6D48-4022-9571-1D7D655DD7CA}.Debug|Any CPU.ActiveCfg = Debug|Any CPU
		{E384D412-6D48-4022-9571-1D7D655DD7CA}.Release|Any CPU.ActiveCfg = Release|Any CPU
	EndGlobalSection
	GlobalSection(SolutionProperties) = preSolution
		HideSolutionNode = FALSE
	EndGlobalSection
	GlobalSection(ExtensibilityGlobals) = postSolution
		SolutionGuid = {FA2A50F0-D36F-45DD-B861-7CFC15B9AACB}
	EndGlobalSection
EndGlobal
